
Microsoft Visual Studio Solution File, Format Version 12.00
# Visual Studio Version 16
VisualStudioVersion = 16.0.30804.86
MinimumVisualStudioVersion = 10.0.40219.1
Project("{FAE04EC0-301F-11D3-BF4B-00C04F79EFBC}") = "AzureApiExample", "AzureApiExample\AzureApiExample.csproj", "{971AC545-C3BF-4AEE-AEDD-39F4DCA813E2}"
EndProject
Global
	GlobalSection(SolutionConfigurationPlatforms) = preSolution
		Debug|Any CPU = Debug|Any CPU
		Release|Any CPU = Release|Any CPU
	EndGlobalSection
	GlobalSection(ProjectConfigurationPlatforms) = postSolution
		{971AC545-C3BF-4AEE-AEDD-39F4DCA813E2}.Debug|Any CPU.ActiveCfg = Debug|Any CPU
		{971AC545-C3BF-4AEE-AEDD-39F4DCA813E2}.Debug|Any CPU.Build.0 = Debug|Any CPU
		{971AC545-C3BF-4AEE-AEDD-39F4DCA813E2}.Release|Any CPU.ActiveCfg = Release|Any CPU
		{971AC545-C3BF-4AEE-AEDD-39F4DCA813E2}.Release|Any CPU.Build.0 = Release|Any CPU
	EndGlobalSection
	GlobalSection(SolutionProperties) = preSolution
		HideSolutionNode = FALSE
	EndGlobalSection
	GlobalSection(ExtensibilityGlobals) = postSolution
		SolutionGuid = {8FF37728-9876-4FD1-A6F9-B6F8A32E9154}
	EndGlobalSection
EndGlobal
